
Microsoft Visual Studio Solution File, Format Version 12.00
Project("{FAE04EC0-301F-11D3-BF4B-00C04F79EFBC}") = "BankRestApi.Web", "BankRestApi.Web\BankRestApi.Web.csproj", "{C267DA89-5E93-4469-9F31-B20214F151BC}"
EndProject
Project("{FAE04EC0-301F-11D3-BF4B-00C04F79EFBC}") = "BankRestApi.Domain", "BankRestApi.Domain\BankRestApi.Domain.csproj", "{550F0E42-FC2B-45C8-8A6E-4EAF102AAFF9}"
EndProject
Project("{FAE04EC0-301F-11D3-BF4B-00C04F79EFBC}") = "BankRestApi.Application", "BankRestApi.Application\BankRestApi.Application.csproj", "{7BD1EE62-81FF-4FB9-8319-8AA7B5E8D2CF}"
EndProject
Project("{FAE04EC0-301F-11D3-BF4B-00C04F79EFBC}") = "BankRestApi.Infrastructure", "BankRestApi.Infrastructure\BankRestApi.Infrastructure.csproj", "{6CB09461-BF5D-456F-80D4-7ABDD62CAF99}"
EndProject
Project("{2150E333-8FDC-42A3-9474-1A3956D46DE8}") = "test", "test", "{A13FF28B-78CB-47C6-A9CB-AE8F7EDB51C2}"
EndProject
Project("{FAE04EC0-301F-11D3-BF4B-00C04F79EFBC}") = "BankRestApi.Application.Test", "BankRestApi.Application.Test\BankRestApi.Application.Test.csproj", "{69AF19C4-82F7-492A-A156-DBD7E729385D}"
EndProject
Global
	GlobalSection(SolutionConfigurationPlatforms) = preSolution
		Debug|Any CPU = Debug|Any CPU
		Release|Any CPU = Release|Any CPU
	EndGlobalSection
	GlobalSection(ProjectConfigurationPlatforms) = postSolution
		{C267DA89-5E93-4469-9F31-B20214F151BC}.Debug|Any CPU.ActiveCfg = Debug|Any CPU
		{C267DA89-5E93-4469-9F31-B20214F151BC}.Debug|Any CPU.Build.0 = Debug|Any CPU
		{C267DA89-5E93-4469-9F31-B20214F151BC}.Release|Any CPU.ActiveCfg = Release|Any CPU
		{C267DA89-5E93-4469-9F31-B20214F151BC}.Release|Any CPU.Build.0 = Release|Any CPU
		{550F0E42-FC2B-45C8-8A6E-4EAF102AAFF9}.Debug|Any CPU.ActiveCfg = Debug|Any CPU
		{550F0E42-FC2B-45C8-8A6E-4EAF102AAFF9}.Debug|Any CPU.Build.0 = Debug|Any CPU
		{550F0E42-FC2B-45C8-8A6E-4EAF102AAFF9}.Release|Any CPU.ActiveCfg = Release|Any CPU
		{550F0E42-FC2B-45C8-8A6E-4EAF102AAFF9}.Release|Any CPU.Build.0 = Release|Any CPU
		{7BD1EE62-81FF-4FB9-8319-8AA7B5E8D2CF}.Debug|Any CPU.ActiveCfg = Debug|Any CPU
		{7BD1EE62-81FF-4FB9-8319-8AA7B5E8D2CF}.Debug|Any CPU.Build.0 = Debug|Any CPU
		{7BD1EE62-81FF-4FB9-8319-8AA7B5E8D2CF}.Release|Any CPU.ActiveCfg = Release|Any CPU
		{7BD1EE62-81FF-4FB9-8319-8AA7B5E8D2CF}.Release|Any CPU.Build.0 = Release|Any CPU
		{6CB09461-BF5D-456F-80D4-7ABDD62CAF99}.Debug|Any CPU.ActiveCfg = Debug|Any CPU
		{6CB09461-BF5D-456F-80D4-7ABDD62CAF99}.Debug|Any CPU.Build.0 = Debug|Any CPU
		{6CB09461-BF5D-456F-80D4-7ABDD62CAF99}.Release|Any CPU.ActiveCfg = Release|Any CPU
		{6CB09461-BF5D-456F-80D4-7ABDD62CAF99}.Release|Any CPU.Build.0 = Release|Any CPU
		{69AF19C4-82F7-492A-A156-DBD7E729385D}.Debug|Any CPU.ActiveCfg = Debug|Any CPU
		{69AF19C4-82F7-492A-A156-DBD7E729385D}.Debug|Any CPU.Build.0 = Debug|Any CPU
		{69AF19C4-82F7-492A-A156-DBD7E729385D}.Release|Any CPU.ActiveCfg = Release|Any CPU
		{69AF19C4-82F7-492A-A156-DBD7E729385D}.Release|Any CPU.Build.0 = Release|Any CPU
	EndGlobalSection
	GlobalSection(NestedProjects) = preSolution
		{69AF19C4-82F7-492A-A156-DBD7E729385D} = {A13FF28B-78CB-47C6-A9CB-AE8F7EDB51C2}
	EndGlobalSection
EndGlobal
